
Microsoft Visual Studio Solution File, Format Version 12.00
Project("{FAE04EC0-301F-11D3-BF4B-00C04F79EFBC}") = "DryLibrary", "DryLibrary\DryLibrary.csproj", "{829D01F2-04B2-4F39-BF6C-3182621C88F0}"
EndProject
Project("{FAE04EC0-301F-11D3-BF4B-00C04F79EFBC}") = "DesktopUI", "DesktopUI\DesktopUI.csproj", "{A1700B6A-CF9E-4FF0-9725-0B12136C1308}"
EndProject
Project("{FAE04EC0-301F-11D3-BF4B-00C04F79EFBC}") = "DryFrameworkLibrary", "DryFrameworkLibrary\DryFrameworkLibrary.csproj", "{0C9D840A-9460-4A16-9E06-76FEC487271E}"
EndProject
Project("{FAE04EC0-301F-11D3-BF4B-00C04F79EFBC}") = "DryTests", "DryTests\DryTests.csproj", "{C97D1912-00B2-4ADE-ADB8-52809B88263E}"
EndProject
Project("{FAE04EC0-301F-11D3-BF4B-00C04F79EFBC}") = "AsyncDummyLib", "AsyncDummyLib\AsyncDummyLib.csproj", "{0C9D84EE-FBFC-40F6-8870-E1C83C48843E}"
EndProject
Project("{FAE04EC0-301F-11D3-BF4B-00C04F79EFBC}") = "AsyncConsole", "AsyncConsole\AsyncConsole.csproj", "{0A400653-520A-4AD2-9EA3-CC393BF2E8D4}"
EndProject
Project("{FAE04EC0-301F-11D3-BF4B-00C04F79EFBC}") = "NetworkDummyLib", "NetworkDummyLib\NetworkDummyLib.csproj", "{61D28473-34C0-46B1-83CD-23EFDA93706A}"
EndProject
Project("{FAE04EC0-301F-11D3-BF4B-00C04F79EFBC}") = "ExtensionsLibrary", "ExtensionsLibrary\ExtensionsLibrary.csproj", "{391CE5E4-EE48-459D-85A7-FF1C8A67EF5E}"
EndProject
Project("{FAE04EC0-301F-11D3-BF4B-00C04F79EFBC}") = "NetworkClientConsole", "NetworkClientConsole\NetworkClientConsole.csproj", "{0D0701CC-634F-4E55-BF19-C38F4E28C8BF}"
EndProject
Project("{FAE04EC0-301F-11D3-BF4B-00C04F79EFBC}") = "NetworkServerConsole", "NetworkServerConsole\NetworkServerConsole.csproj", "{3E6F92B8-5B1A-4850-A9E0-A3D9B7F90159}"
EndProject
Project("{FAE04EC0-301F-11D3-BF4B-00C04F79EFBC}") = "CompositePattern", "CompositePattern\CompositePattern.csproj", "{AF64E84B-213D-4D09-B839-F2900470EBE6}"
EndProject
Project("{FAE04EC0-301F-11D3-BF4B-00C04F79EFBC}") = "StrategyPattern", "StrategyPattern\StrategyPattern.csproj", "{4EC18B30-8F07-4134-9C0E-01A7764D81B8}"
EndProject
Project("{FAE04EC0-301F-11D3-BF4B-00C04F79EFBC}") = "VisitorPattern", "VisitorPattern\VisitorPattern.csproj", "{4858CC3E-B68D-477F-8519-EA05B64D15ED}"
EndProject
Global
	GlobalSection(SolutionConfigurationPlatforms) = preSolution
		Debug|Any CPU = Debug|Any CPU
		Release|Any CPU = Release|Any CPU
	EndGlobalSection
	GlobalSection(ProjectConfigurationPlatforms) = postSolution
		{829D01F2-04B2-4F39-BF6C-3182621C88F0}.Debug|Any CPU.ActiveCfg = Debug|Any CPU
		{829D01F2-04B2-4F39-BF6C-3182621C88F0}.Debug|Any CPU.Build.0 = Debug|Any CPU
		{829D01F2-04B2-4F39-BF6C-3182621C88F0}.Release|Any CPU.ActiveCfg = Release|Any CPU
		{829D01F2-04B2-4F39-BF6C-3182621C88F0}.Release|Any CPU.Build.0 = Release|Any CPU
		{A1700B6A-CF9E-4FF0-9725-0B12136C1308}.Debug|Any CPU.ActiveCfg = Debug|Any CPU
		{A1700B6A-CF9E-4FF0-9725-0B12136C1308}.Debug|Any CPU.Build.0 = Debug|Any CPU
		{A1700B6A-CF9E-4FF0-9725-0B12136C1308}.Release|Any CPU.ActiveCfg = Release|Any CPU
		{A1700B6A-CF9E-4FF0-9725-0B12136C1308}.Release|Any CPU.Build.0 = Release|Any CPU
		{0C9D840A-9460-4A16-9E06-76FEC487271E}.Debug|Any CPU.ActiveCfg = Debug|Any CPU
		{0C9D840A-9460-4A16-9E06-76FEC487271E}.Debug|Any CPU.Build.0 = Debug|Any CPU
		{0C9D840A-9460-4A16-9E06-76FEC487271E}.Release|Any CPU.ActiveCfg = Release|Any CPU
		{0C9D840A-9460-4A16-9E06-76FEC487271E}.Release|Any CPU.Build.0 = Release|Any CPU
		{C97D1912-00B2-4ADE-ADB8-52809B88263E}.Debug|Any CPU.ActiveCfg = Debug|Any CPU
		{C97D1912-00B2-4ADE-ADB8-52809B88263E}.Debug|Any CPU.Build.0 = Debug|Any CPU
		{C97D1912-00B2-4ADE-ADB8-52809B88263E}.Release|Any CPU.ActiveCfg = Release|Any CPU
		{C97D1912-00B2-4ADE-ADB8-52809B88263E}.Release|Any CPU.Build.0 = Release|Any CPU
		{0C9D84EE-FBFC-40F6-8870-E1C83C48843E}.Debug|Any CPU.ActiveCfg = Debug|Any CPU
		{0C9D84EE-FBFC-40F6-8870-E1C83C48843E}.Debug|Any CPU.Build.0 = Debug|Any CPU
		{0C9D84EE-FBFC-40F6-8870-E1C83C48843E}.Release|Any CPU.ActiveCfg = Release|Any CPU
		{0C9D84EE-FBFC-40F6-8870-E1C83C48843E}.Release|Any CPU.Build.0 = Release|Any CPU
		{0A400653-520A-4AD2-9EA3-CC393BF2E8D4}.Debug|Any CPU.ActiveCfg = Debug|Any CPU
		{0A400653-520A-4AD2-9EA3-CC393BF2E8D4}.Debug|Any CPU.Build.0 = Debug|Any CPU
		{0A400653-520A-4AD2-9EA3-CC393BF2E8D4}.Release|Any CPU.ActiveCfg = Release|Any CPU
		{0A400653-520A-4AD2-9EA3-CC393BF2E8D4}.Release|Any CPU.Build.0 = Release|Any CPU
		{61D28473-34C0-46B1-83CD-23EFDA93706A}.Debug|Any CPU.ActiveCfg = Debug|Any CPU
		{61D28473-34C0-46B1-83CD-23EFDA93706A}.Debug|Any CPU.Build.0 = Debug|Any CPU
		{61D28473-34C0-46B1-83CD-23EFDA93706A}.Release|Any CPU.ActiveCfg = Release|Any CPU
		{61D28473-34C0-46B1-83CD-23EFDA93706A}.Release|Any CPU.Build.0 = Release|Any CPU
		{391CE5E4-EE48-459D-85A7-FF1C8A67EF5E}.Debug|Any CPU.ActiveCfg = Debug|Any CPU
		{391CE5E4-EE48-459D-85A7-FF1C8A67EF5E}.Debug|Any CPU.Build.0 = Debug|Any CPU
		{391CE5E4-EE48-459D-85A7-FF1C8A67EF5E}.Release|Any CPU.ActiveCfg = Release|Any CPU
		{391CE5E4-EE48-459D-85A7-FF1C8A67EF5E}.Release|Any CPU.Build.0 = Release|Any CPU
		{0D0701CC-634F-4E55-BF19-C38F4E28C8BF}.Debug|Any CPU.ActiveCfg = Debug|Any CPU
		{0D0701CC-634F-4E55-BF19-C38F4E28C8BF}.Debug|Any CPU.Build.0 = Debug|Any CPU
		{0D0701CC-634F-4E55-BF19-C38F4E28C8BF}.Release|Any CPU.ActiveCfg = Release|Any CPU
		{0D0701CC-634F-4E55-BF19-C38F4E28C8BF}.Release|Any CPU.Build.0 = Release|Any CPU
		{3E6F92B8-5B1A-4850-A9E0-A3D9B7F90159}.Debug|Any CPU.ActiveCfg = Debug|Any CPU
		{3E6F92B8-5B1A-4850-A9E0-A3D9B7F90159}.Debug|Any CPU.Build.0 = Debug|Any CPU
		{3E6F92B8-5B1A-4850-A9E0-A3D9B7F90159}.Release|Any CPU.ActiveCfg = Release|Any CPU
		{3E6F92B8-5B1A-4850-A9E0-A3D9B7F90159}.Release|Any CPU.Build.0 = Release|Any CPU
		{AF64E84B-213D-4D09-B839-F2900470EBE6}.Debug|Any CPU.ActiveCfg = Debug|Any CPU
		{AF64E84B-213D-4D09-B839-F2900470EBE6}.Debug|Any CPU.Build.0 = Debug|Any CPU
		{AF64E84B-213D-4D09-B839-F2900470EBE6}.Release|Any CPU.ActiveCfg = Release|Any CPU
		{AF64E84B-213D-4D09-B839-F2900470EBE6}.Release|Any CPU.Build.0 = Release|Any CPU
		{4EC18B30-8F07-4134-9C0E-01A7764D81B8}.Debug|Any CPU.ActiveCfg = Debug|Any CPU
		{4EC18B30-8F07-4134-9C0E-01A7764D81B8}.Debug|Any CPU.Build.0 = Debug|Any CPU
		{4EC18B30-8F07-4134-9C0E-01A7764D81B8}.Release|Any CPU.ActiveCfg = Release|Any CPU
		{4EC18B30-8F07-4134-9C0E-01A7764D81B8}.Release|Any CPU.Build.0 = Release|Any CPU
		{4858CC3E-B68D-477F-8519-EA05B64D15ED}.Debug|Any CPU.ActiveCfg = Debug|Any CPU
		{4858CC3E-B68D-477F-8519-EA05B64D15ED}.Debug|Any CPU.Build.0 = Debug|Any CPU
		{4858CC3E-B68D-477F-8519-EA05B64D15ED}.Release|Any CPU.ActiveCfg = Release|Any CPU
		{4858CC3E-B68D-477F-8519-EA05B64D15ED}.Release|Any CPU.Build.0 = Release|Any CPU
	EndGlobalSection
EndGlobal
